
Microsoft Visual Studio Solution File, Format Version 12.00
# Visual Studio Version 17
VisualStudioVersion = 17.8.34330.188
MinimumVisualStudioVersion = 10.0.40219.1
Project("{9A19103F-16F7-4668-BE54-9A1E7A4F7556}") = "KUBC.DAYZ.CONSOLE", ".NET\KUBC.DAYZ.CONSOLE\KUBC.DAYZ.CONSOLE.csproj", "{50CD32E5-FBD0-49C9-8B8E-C3A1040AEF9D}"
EndProject
Project("{FAE04EC0-301F-11D3-BF4B-00C04F79EFBC}") = "KUBC.DAYZ.CONSOLE.TEST", ".NET\KUBC.DAYZ.CONSOLE.TEST\KUBC.DAYZ.CONSOLE.TEST.csproj", "{C6BF2CF7-20B6-4F91-AB5E-D25C54A174CA}"
EndProject
Global
	GlobalSection(SolutionConfigurationPlatforms) = preSolution
		Debug|Any CPU = Debug|Any CPU
		Release|Any CPU = Release|Any CPU
	EndGlobalSection
	GlobalSection(ProjectConfigurationPlatforms) = postSolution
		{50CD32E5-FBD0-49C9-8B8E-C3A1040AEF9D}.Debug|Any CPU.ActiveCfg = Debug|Any CPU
		{50CD32E5-FBD0-49C9-8B8E-C3A1040AEF9D}.Debug|Any CPU.Build.0 = Debug|Any CPU
		{50CD32E5-FBD0-49C9-8B8E-C3A1040AEF9D}.Release|Any CPU.ActiveCfg = Release|Any CPU
		{50CD32E5-FBD0-49C9-8B8E-C3A1040AEF9D}.Release|Any CPU.Build.0 = Release|Any CPU
		{C6BF2CF7-20B6-4F91-AB5E-D25C54A174CA}.Debug|Any CPU.ActiveCfg = Debug|Any CPU
		{C6BF2CF7-20B6-4F91-AB5E-D25C54A174CA}.Debug|Any CPU.Build.0 = Debug|Any CPU
		{C6BF2CF7-20B6-4F91-AB5E-D25C54A174CA}.Release|Any CPU.ActiveCfg = Release|Any CPU
		{C6BF2CF7-20B6-4F91-AB5E-D25C54A174CA}.Release|Any CPU.Build.0 = Release|Any CPU
	EndGlobalSection
	GlobalSection(SolutionProperties) = preSolution
		HideSolutionNode = FALSE
	EndGlobalSection
	GlobalSection(ExtensibilityGlobals) = postSolution
		SolutionGuid = {D98C14C4-18DB-42B3-A4AD-C765E2274C69}
	EndGlobalSection
EndGlobal
